{
  "name": "zync",
  "version": "1.0.0",
  "lockfileVersion": 3,
  "requires": true,
  "packages": {
    "": {
      "name": "zync",
      "version": "1.0.0",
      "license": "ISC",
      "dependencies": {
        "@headlessui/react": "^2.2.1",
        "@heroicons/react": "^2.2.0",
        "@heroui/system": "^2.4.13",
        "@heroui/tabs": "^2.2.14",
        "@heroui/theme": "^2.4.13",
        "framer-motion": "^12.6.3",
        "tailwindcss": "^4.1.3"
      }
    },
    "node_modules/@floating-ui/core": {
      "version": "1.6.9",
      "resolved": "https://registry.npmjs.org/@floating-ui/core/-/core-1.6.9.tgz",
      "integrity": "sha512-uMXCuQ3BItDUbAMhIXw7UPXRfAlOAvZzdK9BWpE60MCn+Svt3aLn9jsPTi/WNGlRUu2uI0v5S7JiIUsbsvh3fw==",
      "license": "MIT",
      "dependencies": {
        "@floating-ui/utils": "^0.2.9"
      }
    },
    "node_modules/@floating-ui/dom": {
      "version": "1.6.13",
      "resolved": "https://registry.npmjs.org/@floating-ui/dom/-/dom-1.6.13.tgz",
      "integrity": "sha512-umqzocjDgNRGTuO7Q8CU32dkHkECqI8ZdMZ5Swb6QAM0t5rnlrN3lGo1hdpscRd3WS8T6DKYK4ephgIH9iRh3w==",
      "license": "MIT",
      "dependencies": {
        "@floating-ui/core": "^1.6.0",
        "@floating-ui/utils": "^0.2.9"
      }
    },
    "node_modules/@floating-ui/react": {
      "version": "0.26.28",
      "resolved": "https://registry.npmjs.org/@floating-ui/react/-/react-0.26.28.tgz",
      "integrity": "sha512-yORQuuAtVpiRjpMhdc0wJj06b9JFjrYF4qp96j++v2NBpbi6SEGF7donUJ3TMieerQ6qVkAv1tgr7L4r5roTqw==",
      "license": "MIT",
      "dependencies": {
        "@floating-ui/react-dom": "^2.1.2",
        "@floating-ui/utils": "^0.2.8",
        "tabbable": "^6.0.0"
      },
      "peerDependencies": {
        "react": ">=16.8.0",
        "react-dom": ">=16.8.0"
      }
    },
    "node_modules/@floating-ui/react-dom": {
      "version": "2.1.2",
      "resolved": "https://registry.npmjs.org/@floating-ui/react-dom/-/react-dom-2.1.2.tgz",
      "integrity": "sha512-06okr5cgPzMNBy+Ycse2A6udMi4bqwW/zgBF/rwjcNqWkyr82Mcg8b0vjX8OJpZFy/FKjJmw6wV7t44kK6kW7A==",
      "license": "MIT",
      "dependencies": {
        "@floating-ui/dom": "^1.0.0"
      },
      "peerDependencies": {
        "react": ">=16.8.0",
        "react-dom": ">=16.8.0"
      }
    },
    "node_modules/@floating-ui/utils": {
      "version": "0.2.9",
      "resolved": "https://registry.npmjs.org/@floating-ui/utils/-/utils-0.2.9.tgz",
      "integrity": "sha512-MDWhGtE+eHw5JW7lq4qhc5yRLS11ERl1c7Z6Xd0a58DozHES6EnNNwUWbMiG4J9Cgj053Bhk8zvlhFYKVhULwg==",
      "license": "MIT"
    },
    "node_modules/@formatjs/ecma402-abstract": {
      "version": "2.3.4",
      "resolved": "https://registry.npmjs.org/@formatjs/ecma402-abstract/-/ecma402-abstract-2.3.4.tgz",
      "integrity": "sha512-qrycXDeaORzIqNhBOx0btnhpD1c+/qFIHAN9znofuMJX6QBwtbrmlpWfD4oiUUD2vJUOIYFA/gYtg2KAMGG7sA==",
      "license": "MIT",
      "dependencies": {
        "@formatjs/fast-memoize": "2.2.7",
        "@formatjs/intl-localematcher": "0.6.1",
        "decimal.js": "^10.4.3",
        "tslib": "^2.8.0"
      }
    },
    "node_modules/@formatjs/fast-memoize": {
      "version": "2.2.7",
      "resolved": "https://registry.npmjs.org/@formatjs/fast-memoize/-/fast-memoize-2.2.7.tgz",
      "integrity": "sha512-Yabmi9nSvyOMrlSeGGWDiH7rf3a7sIwplbvo/dlz9WCIjzIQAfy1RMf4S0X3yG724n5Ghu2GmEl5NJIV6O9sZQ==",
      "license": "MIT",
      "dependencies": {
        "tslib": "^2.8.0"
      }
    },
    "node_modules/@formatjs/icu-messageformat-parser": {
      "version": "2.11.2",
      "resolved": "https://registry.npmjs.org/@formatjs/icu-messageformat-parser/-/icu-messageformat-parser-2.11.2.tgz",
      "integrity": "sha512-AfiMi5NOSo2TQImsYAg8UYddsNJ/vUEv/HaNqiFjnI3ZFfWihUtD5QtuX6kHl8+H+d3qvnE/3HZrfzgdWpsLNA==",
      "license": "MIT",
      "dependencies": {
        "@formatjs/ecma402-abstract": "2.3.4",
        "@formatjs/icu-skeleton-parser": "1.8.14",
        "tslib": "^2.8.0"
      }
    },
    "node_modules/@formatjs/icu-skeleton-parser": {
      "version": "1.8.14",
      "resolved": "https://registry.npmjs.org/@formatjs/icu-skeleton-parser/-/icu-skeleton-parser-1.8.14.tgz",
      "integrity": "sha512-i4q4V4qslThK4Ig8SxyD76cp3+QJ3sAqr7f6q9VVfeGtxG9OhiAk3y9XF6Q41OymsKzsGQ6OQQoJNY4/lI8TcQ==",
      "license": "MIT",
      "dependencies": {
        "@formatjs/ecma402-abstract": "2.3.4",
        "tslib": "^2.8.0"
      }
    },
    "node_modules/@formatjs/intl-localematcher": {
      "version": "0.6.1",
      "resolved": "https://registry.npmjs.org/@formatjs/intl-localematcher/-/intl-localematcher-0.6.1.tgz",
      "integrity": "sha512-ePEgLgVCqi2BBFnTMWPfIghu6FkbZnnBVhO2sSxvLfrdFw7wCHAHiDoM2h4NRgjbaY7+B7HgOLZGkK187pZTZg==",
      "license": "MIT",
      "dependencies": {
        "tslib": "^2.8.0"
      }
    },
    "node_modules/@headlessui/react": {
      "version": "2.2.1",
      "resolved": "https://registry.npmjs.org/@headlessui/react/-/react-2.2.1.tgz",
      "integrity": "sha512-daiUqVLae8CKVjEVT19P/izW0aGK0GNhMSAeMlrDebKmoVZHcRRwbxzgtnEadUVDXyBsWo9/UH4KHeniO+0tMg==",
      "license": "MIT",
      "dependencies": {
        "@floating-ui/react": "^0.26.16",
        "@react-aria/focus": "^3.17.1",
        "@react-aria/interactions": "^3.21.3",
        "@tanstack/react-virtual": "^3.11.1"
      },
      "engines": {
        "node": ">=10"
      },
      "peerDependencies": {
        "react": "^18 || ^19 || ^19.0.0-rc",
        "react-dom": "^18 || ^19 || ^19.0.0-rc"
      }
    },
    "node_modules/@heroicons/react": {
      "version": "2.2.0",
      "resolved": "https://registry.npmjs.org/@heroicons/react/-/react-2.2.0.tgz",
      "integrity": "sha512-LMcepvRaS9LYHJGsF0zzmgKCUim/X3N/DQKc4jepAXJ7l8QxJ1PmxJzqplF2Z3FE4PqBAIGyJAQ/w4B5dsqbtQ==",
      "license": "MIT",
      "peerDependencies": {
        "react": ">= 16 || ^19.0.0-rc"
      }
    },
    "node_modules/@heroui/aria-utils": {
      "version": "2.2.14",
      "resolved": "https://registry.npmjs.org/@heroui/aria-utils/-/aria-utils-2.2.14.tgz",
      "integrity": "sha512-Jqiekv/VwnC62zETAjJHDn2IH1IS6oa2vuRevvUQ48cj9Aa9gWaODX47yFirfC+EmlkXV/2pEgsUv+sWy9BRRg==",
      "license": "MIT",
      "dependencies": {
        "@heroui/react-rsc-utils": "2.1.6",
        "@heroui/shared-utils": "2.1.7",
        "@heroui/system": "2.4.13",
        "@react-aria/utils": "3.28.1",
        "@react-stately/collections": "3.12.2",
        "@react-stately/overlays": "3.6.14",
        "@react-types/overlays": "3.8.13",
        "@react-types/shared": "3.28.0"
      },
      "peerDependencies": {
        "react": ">=18 || >=19.0.0-rc.0",
        "react-dom": ">=18 || >=19.0.0-rc.0"
      }
    },
    "node_modules/@heroui/framer-utils": {
      "version": "2.1.13",
      "resolved": "https://registry.npmjs.org/@heroui/framer-utils/-/framer-utils-2.1.13.tgz",
      "integrity": "sha512-nk+I4gh1prn6NBwPpt0r2UvZTMGkcEgVJdImwWjRxkRr2UAc5chk1Gihroej2jGlBoCub/nhnSATsLklDVJuOQ==",
      "license": "MIT",
      "dependencies": {
        "@heroui/shared-utils": "2.1.7",
        "@heroui/system": "2.4.13",
        "@heroui/use-measure": "2.1.6"
      },
      "peerDependencies": {
        "framer-motion": ">=11.5.6 || >=12.0.0-alpha.1",
        "react": ">=18 || >=19.0.0-rc.0",
        "react-dom": ">=18 || >=19.0.0-rc.0"
      }
    },
    "node_modules/@heroui/react-rsc-utils": {
      "version": "2.1.6",
      "resolved": "https://registry.npmjs.org/@heroui/react-rsc-utils/-/react-rsc-utils-2.1.6.tgz",
      "integrity": "sha512-slBWi9g3HdnSNRhoedDhXFybaab5MveAeECzQoj4oJrIlmiezyeZWRKbWR8li2tiZtvBoEr0Xpu/A8hdni15dQ==",
      "license": "MIT",
      "peerDependencies": {
        "react": ">=18 || >=19.0.0-rc.0"
      }
    },
    "node_modules/@heroui/react-utils": {
      "version": "2.1.8",
      "resolved": "https://registry.npmjs.org/@heroui/react-utils/-/react-utils-2.1.8.tgz",
      "integrity": "sha512-ET8sQaqfAWEviuZfatSYXBzyD0PpzuIK2YQkijla0TmF0sHJ3Yl4YQ6DYleWAaIJEWW1u0HgUPrdIjVGjWyKVg==",
      "license": "MIT",
      "dependencies": {
        "@heroui/react-rsc-utils": "2.1.6",
        "@heroui/shared-utils": "2.1.7"
      },
      "peerDependencies": {
        "react": ">=18 || >=19.0.0-rc.0"
      }
    },
    "node_modules/@heroui/shared-utils": {
      "version": "2.1.7",
      "resolved": "https://registry.npmjs.org/@heroui/shared-utils/-/shared-utils-2.1.7.tgz",
      "integrity": "sha512-1nx7y41P+Bsca7nDC+QFajAoFhSRGvjKhdFeopMQNTvU95L42PD7B0ThjcOretvQD0Ye2TsAEQInwsSgZ6kK/g==",
      "hasInstallScript": true,
      "license": "MIT"
    },
    "node_modules/@heroui/system": {
      "version": "2.4.13",
      "resolved": "https://registry.npmjs.org/@heroui/system/-/system-2.4.13.tgz",
      "integrity": "sha512-4kL9SSEt+ohEbAsFCsZC6hdjBmwghEjeYsVytkOwI0rkXfu57onlZhJqvpIMnausHFL9DJ/oxzBghvFaA7dUxw==",
      "license": "MIT",
      "dependencies": {
        "@heroui/react-utils": "2.1.8",
        "@heroui/system-rsc": "2.3.11",
        "@internationalized/date": "3.7.0",
        "@react-aria/i18n": "3.12.7",
        "@react-aria/overlays": "3.26.1",
        "@react-aria/utils": "3.28.1",
        "@react-stately/utils": "3.10.5",
        "@react-types/datepicker": "3.11.0"
      },
      "peerDependencies": {
        "framer-motion": ">=11.5.6 || >=12.0.0-alpha.1",
        "react": ">=18 || >=19.0.0-rc.0",
        "react-dom": ">=18 || >=19.0.0-rc.0"
      }
    },
    "node_modules/@heroui/system-rsc": {
      "version": "2.3.11",
      "resolved": "https://registry.npmjs.org/@heroui/system-rsc/-/system-rsc-2.3.11.tgz",
      "integrity": "sha512-727eu4FtQWtg6tJ1ZM0JKQayZNoU/4wkLhtncnKQEWr5XDgbBkNfzeXMc7wkREAMoSbCV5+7zEs/qqW5sIH/fw==",
      "license": "MIT",
      "dependencies": {
        "@react-types/shared": "3.28.0",
        "clsx": "^1.2.1"
      },
      "peerDependencies": {
        "@heroui/theme": ">=2.4.6",
        "react": ">=18 || >=19.0.0-rc.0"
      }
    },
    "node_modules/@heroui/system-rsc/node_modules/clsx": {
      "version": "1.2.1",
      "resolved": "https://registry.npmjs.org/clsx/-/clsx-1.2.1.tgz",
      "integrity": "sha512-EcR6r5a8bj6pu3ycsa/E/cKVGuTgZJZdsyUYHOksG/UHIiKfjxzRxYJpyVBwYaQeOvghal9fcc4PidlgzugAQg==",
      "license": "MIT",
      "engines": {
        "node": ">=6"
      }
    },
    "node_modules/@heroui/tabs": {
      "version": "2.2.14",
      "resolved": "https://registry.npmjs.org/@heroui/tabs/-/tabs-2.2.14.tgz",
      "integrity": "sha512-ENm2i4mQqr9EuadsEp+Uts0tHKHvslMsceYTsGyGXe5S5+bMJFg4kJfbHY15Jii9B91VfFQT9tNZ8w/IB5J+ZA==",
      "license": "MIT",
      "dependencies": {
        "@heroui/aria-utils": "2.2.14",
        "@heroui/framer-utils": "2.1.13",
        "@heroui/react-utils": "2.1.8",
        "@heroui/shared-utils": "2.1.7",
        "@heroui/use-is-mounted": "2.1.6",
        "@heroui/use-update-effect": "2.1.6",
        "@react-aria/focus": "3.20.1",
        "@react-aria/interactions": "3.24.1",
        "@react-aria/tabs": "3.10.1",
        "@react-aria/utils": "3.28.1",
        "@react-stately/tabs": "3.8.0",
        "@react-types/shared": "3.28.0",
        "@react-types/tabs": "3.3.13",
        "scroll-into-view-if-needed": "3.0.10"
      },
      "peerDependencies": {
        "@heroui/system": ">=2.4.7",
        "@heroui/theme": ">=2.4.6",
        "framer-motion": ">=11.5.6 || >=12.0.0-alpha.1",
        "react": ">=18 || >=19.0.0-rc.0",
        "react-dom": ">=18 || >=19.0.0-rc.0"
      }
    },
    "node_modules/@heroui/theme": {
      "version": "2.4.13",
      "resolved": "https://registry.npmjs.org/@heroui/theme/-/theme-2.4.13.tgz",
      "integrity": "sha512-W1wm/x3dx9rZXNdyvjQRueK+9ieTpT2icyttGuVEn7NWgzMhpIbEKsAwtTLZGc5zMHJE2cxJQ/jpdCR8HBe0Dw==",
      "license": "MIT",
      "dependencies": {
        "@heroui/shared-utils": "2.1.7",
        "clsx": "^1.2.1",
        "color": "^4.2.3",
        "color2k": "^2.0.3",
        "deepmerge": "4.3.1",
        "flat": "^5.0.2",
        "tailwind-merge": "2.5.4",
        "tailwind-variants": "0.3.0"
      },
      "peerDependencies": {
        "tailwindcss": ">=3.4.0"
      }
    },
    "node_modules/@heroui/theme/node_modules/clsx": {
      "version": "1.2.1",
      "resolved": "https://registry.npmjs.org/clsx/-/clsx-1.2.1.tgz",
      "integrity": "sha512-EcR6r5a8bj6pu3ycsa/E/cKVGuTgZJZdsyUYHOksG/UHIiKfjxzRxYJpyVBwYaQeOvghal9fcc4PidlgzugAQg==",
      "license": "MIT",
      "engines": {
        "node": ">=6"
      }
    },
    "node_modules/@heroui/use-is-mounted": {
      "version": "2.1.6",
      "resolved": "https://registry.npmjs.org/@heroui/use-is-mounted/-/use-is-mounted-2.1.6.tgz",
      "integrity": "sha512-dnTX1PUWGhIQJxszTScHgM9XxvYIx9j8vnSJuVGaptJonZWlt50yI/WAi+oWXJ289rw7XBDJ8o38qmU5Pmq+WA==",
      "license": "MIT",
      "peerDependencies": {
        "react": ">=18 || >=19.0.0-rc.0"
      }
    },
    "node_modules/@heroui/use-measure": {
      "version": "2.1.6",
      "resolved": "https://registry.npmjs.org/@heroui/use-measure/-/use-measure-2.1.6.tgz",
      "integrity": "sha512-FiN3Za6hExqU1B0d2drCm9JUFneQ1W5gyNoX0owf3aIWG98QR+LR1MOL3WBAGWtDsp4K6q8rqUKXatNxGJd/sA==",
      "license": "MIT",
      "peerDependencies": {
        "react": ">=18 || >=19.0.0-rc.0"
      }
    },
    "node_modules/@heroui/use-update-effect": {
      "version": "2.1.6",
      "resolved": "https://registry.npmjs.org/@heroui/use-update-effect/-/use-update-effect-2.1.6.tgz",
      "integrity": "sha512-nGSaIngKPuutmQcfZgnMHGYXJDqo6sPjdIIFjb5vutEnc827Xyh5f4q8hXfo7huYYYzA1CqLaThNVFCf3qIwHg==",
      "license": "MIT",
      "peerDependencies": {
        "react": ">=18 || >=19.0.0-rc.0"
      }
    },
    "node_modules/@internationalized/date": {
      "version": "3.7.0",
      "resolved": "https://registry.npmjs.org/@internationalized/date/-/date-3.7.0.tgz",
      "integrity": "sha512-VJ5WS3fcVx0bejE/YHfbDKR/yawZgKqn/if+oEeLqNwBtPzVB06olkfcnojTmEMX+gTpH+FlQ69SHNitJ8/erQ==",
      "license": "Apache-2.0",
      "dependencies": {
        "@swc/helpers": "^0.5.0"
      }
    },
    "node_modules/@internationalized/message": {
      "version": "3.1.6",
      "resolved": "https://registry.npmjs.org/@internationalized/message/-/message-3.1.6.tgz",
      "integrity": "sha512-JxbK3iAcTIeNr1p0WIFg/wQJjIzJt9l/2KNY/48vXV7GRGZSv3zMxJsce008fZclk2cDC8y0Ig3odceHO7EfNQ==",
      "license": "Apache-2.0",
      "dependencies": {
        "@swc/helpers": "^0.5.0",
        "intl-messageformat": "^10.1.0"
      }
    },
    "node_modules/@internationalized/number": {
      "version": "3.6.0",
      "resolved": "https://registry.npmjs.org/@internationalized/number/-/number-3.6.0.tgz",
      "integrity": "sha512-PtrRcJVy7nw++wn4W2OuePQQfTqDzfusSuY1QTtui4wa7r+rGVtR75pO8CyKvHvzyQYi3Q1uO5sY0AsB4e65Bw==",
      "license": "Apache-2.0",
      "dependencies": {
        "@swc/helpers": "^0.5.0"
      }
    },
    "node_modules/@internationalized/string": {
      "version": "3.2.5",
      "resolved": "https://registry.npmjs.org/@internationalized/string/-/string-3.2.5.tgz",
      "integrity": "sha512-rKs71Zvl2OKOHM+mzAFMIyqR5hI1d1O6BBkMK2/lkfg3fkmVh9Eeg0awcA8W2WqYqDOv6a86DIOlFpggwLtbuw==",
      "license": "Apache-2.0",
      "dependencies": {
        "@swc/helpers": "^0.5.0"
      }
    },
    "node_modules/@react-aria/focus": {
      "version": "3.20.1",
      "resolved": "https://registry.npmjs.org/@react-aria/focus/-/focus-3.20.1.tgz",
      "integrity": "sha512-lgYs+sQ1TtBrAXnAdRBQrBo0/7o5H6IrfDxec1j+VRpcXL0xyk0xPq+m3lZp8typzIghqDgpnKkJ5Jf4OrzPIw==",
      "license": "Apache-2.0",
      "dependencies": {
        "@react-aria/interactions": "^3.24.1",
        "@react-aria/utils": "^3.28.1",
        "@react-types/shared": "^3.28.0",
        "@swc/helpers": "^0.5.0",
        "clsx": "^2.0.0"
      },
      "peerDependencies": {
        "react": "^16.8.0 || ^17.0.0-rc.1 || ^18.0.0 || ^19.0.0-rc.1",
        "react-dom": "^16.8.0 || ^17.0.0-rc.1 || ^18.0.0 || ^19.0.0-rc.1"
      }
    },
    "node_modules/@react-aria/i18n": {
      "version": "3.12.7",
      "resolved": "https://registry.npmjs.org/@react-aria/i18n/-/i18n-3.12.7.tgz",
      "integrity": "sha512-eLbYO2xrpeOKIEmLv2KD5LFcB0wltFqS+pUjsOzkKZg6H3b6AFDmJPxr/a0x2KGHtpGJvuHwCSbpPi9PzSSQLg==",
      "license": "Apache-2.0",
      "dependencies": {
        "@internationalized/date": "^3.7.0",
        "@internationalized/message": "^3.1.6",
        "@internationalized/number": "^3.6.0",
        "@internationalized/string": "^3.2.5",
        "@react-aria/ssr": "^3.9.7",
        "@react-aria/utils": "^3.28.1",
        "@react-types/shared": "^3.28.0",
        "@swc/helpers": "^0.5.0"
      },
      "peerDependencies": {
        "react": "^16.8.0 || ^17.0.0-rc.1 || ^18.0.0 || ^19.0.0-rc.1",
        "react-dom": "^16.8.0 || ^17.0.0-rc.1 || ^18.0.0 || ^19.0.0-rc.1"
      }
    },
    "node_modules/@react-aria/interactions": {
      "version": "3.24.1",
      "resolved": "https://registry.npmjs.org/@react-aria/interactions/-/interactions-3.24.1.tgz",
      "integrity": "sha512-OWEcIC6UQfWq4Td5Ptuh4PZQ4LHLJr/JL2jGYvuNL6EgL3bWvzPrRYIF/R64YbfVxIC7FeZpPSkS07sZ93/NoA==",
      "license": "Apache-2.0",
      "dependencies": {
        "@react-aria/ssr": "^3.9.7",
        "@react-aria/utils": "^3.28.1",
        "@react-stately/flags": "^3.1.0",
        "@react-types/shared": "^3.28.0",
        "@swc/helpers": "^0.5.0"
      },
      "peerDependencies": {
        "react": "^16.8.0 || ^17.0.0-rc.1 || ^18.0.0 || ^19.0.0-rc.1",
        "react-dom": "^16.8.0 || ^17.0.0-rc.1 || ^18.0.0 || ^19.0.0-rc.1"
      }
    },
    "node_modules/@react-aria/overlays": {
      "version": "3.26.1",
      "resolved": "https://registry.npmjs.org/@react-aria/overlays/-/overlays-3.26.1.tgz",
      "integrity": "sha512-AtQ0mp+H0alFFkojKBADEUIc1AKFsSobH4QNoxQa3V4bZKQoXxga7cRhD5RRYanu3XCQOkIxZJ3vdVK/LVVBXA==",
      "license": "Apache-2.0",
      "dependencies": {
        "@react-aria/focus": "^3.20.1",
        "@react-aria/i18n": "^3.12.7",
        "@react-aria/interactions": "^3.24.1",
        "@react-aria/ssr": "^3.9.7",
        "@react-aria/utils": "^3.28.1",
        "@react-aria/visually-hidden": "^3.8.21",
        "@react-stately/overlays": "^3.6.14",
        "@react-types/button": "^3.11.0",
        "@react-types/overlays": "^3.8.13",
        "@react-types/shared": "^3.28.0",
        "@swc/helpers": "^0.5.0"
      },
      "peerDependencies": {
        "react": "^16.8.0 || ^17.0.0-rc.1 || ^18.0.0 || ^19.0.0-rc.1",
        "react-dom": "^16.8.0 || ^17.0.0-rc.1 || ^18.0.0 || ^19.0.0-rc.1"
      }
    },
    "node_modules/@react-aria/selection": {
      "version": "3.23.1",
      "resolved": "https://registry.npmjs.org/@react-aria/selection/-/selection-3.23.1.tgz",
      "integrity": "sha512-z4vVw7Fw0+nK46PPlCV8TyieCS+EOUp3eguX8833fFJ/QDlFp3Ewgw2T5qCIix5U3siXPYU0ZmAMOdrjibdGpQ==",
      "license": "Apache-2.0",
      "dependencies": {
        "@react-aria/focus": "^3.20.1",
        "@react-aria/i18n": "^3.12.7",
        "@react-aria/interactions": "^3.24.1",
        "@react-aria/utils": "^3.28.1",
        "@react-stately/selection": "^3.20.0",
        "@react-types/shared": "^3.28.0",
        "@swc/helpers": "^0.5.0"
      },
      "peerDependencies": {
        "react": "^16.8.0 || ^17.0.0-rc.1 || ^18.0.0 || ^19.0.0-rc.1",
        "react-dom": "^16.8.0 || ^17.0.0-rc.1 || ^18.0.0 || ^19.0.0-rc.1"
      }
    },
    "node_modules/@react-aria/ssr": {
      "version": "3.9.7",
      "resolved": "https://registry.npmjs.org/@react-aria/ssr/-/ssr-3.9.7.tgz",
      "integrity": "sha512-GQygZaGlmYjmYM+tiNBA5C6acmiDWF52Nqd40bBp0Znk4M4hP+LTmI0lpI1BuKMw45T8RIhrAsICIfKwZvi2Gg==",
      "license": "Apache-2.0",
      "dependencies": {
        "@swc/helpers": "^0.5.0"
      },
      "engines": {
        "node": ">= 12"
      },
      "peerDependencies": {
        "react": "^16.8.0 || ^17.0.0-rc.1 || ^18.0.0 || ^19.0.0-rc.1"
      }
    },
    "node_modules/@react-aria/tabs": {
      "version": "3.10.1",
      "resolved": "https://registry.npmjs.org/@react-aria/tabs/-/tabs-3.10.1.tgz",
      "integrity": "sha512-9tcmp4L0cCTSkJAVvsw5XkjTs4MP4ajJsWPc9IUXYoutZWSDs2igqx3/7KKjRM4OrjSolNXFf8uWyr9Oqg+vCg==",
      "license": "Apache-2.0",
      "dependencies": {
        "@react-aria/focus": "^3.20.1",
        "@react-aria/i18n": "^3.12.7",
        "@react-aria/selection": "^3.23.1",
        "@react-aria/utils": "^3.28.1",
        "@react-stately/tabs": "^3.8.0",
        "@react-types/shared": "^3.28.0",
        "@react-types/tabs": "^3.3.13",
        "@swc/helpers": "^0.5.0"
      },
      "peerDependencies": {
        "react": "^16.8.0 || ^17.0.0-rc.1 || ^18.0.0 || ^19.0.0-rc.1",
        "react-dom": "^16.8.0 || ^17.0.0-rc.1 || ^18.0.0 || ^19.0.0-rc.1"
      }
    },
    "node_modules/@react-aria/utils": {
      "version": "3.28.1",
      "resolved": "https://registry.npmjs.org/@react-aria/utils/-/utils-3.28.1.tgz",
      "integrity": "sha512-mnHFF4YOVu9BRFQ1SZSKfPhg3z+lBRYoW5mLcYTQihbKhz48+I1sqRkP7ahMITr8ANH3nb34YaMME4XWmK2Mgg==",
      "license": "Apache-2.0",
      "dependencies": {
        "@react-aria/ssr": "^3.9.7",
        "@react-stately/flags": "^3.1.0",
        "@react-stately/utils": "^3.10.5",
        "@react-types/shared": "^3.28.0",
        "@swc/helpers": "^0.5.0",
        "clsx": "^2.0.0"
      },
      "peerDependencies": {
        "react": "^16.8.0 || ^17.0.0-rc.1 || ^18.0.0 || ^19.0.0-rc.1",
        "react-dom": "^16.8.0 || ^17.0.0-rc.1 || ^18.0.0 || ^19.0.0-rc.1"
      }
    },
    "node_modules/@react-aria/visually-hidden": {
      "version": "3.8.21",
      "resolved": "https://registry.npmjs.org/@react-aria/visually-hidden/-/visually-hidden-3.8.21.tgz",
      "integrity": "sha512-iii5qO+cVHrHiOeiBYCnTRUQG2eOgEPFmiMG4dAuby8+pJJ8U4BvffX2sDTYWL6ztLLBYyrsUHPSw1Ld03JhmA==",
      "license": "Apache-2.0",
      "dependencies": {
        "@react-aria/interactions": "^3.24.1",
        "@react-aria/utils": "^3.28.1",
        "@react-types/shared": "^3.28.0",
        "@swc/helpers": "^0.5.0"
      },
      "peerDependencies": {
        "react": "^16.8.0 || ^17.0.0-rc.1 || ^18.0.0 || ^19.0.0-rc.1",
        "react-dom": "^16.8.0 || ^17.0.0-rc.1 || ^18.0.0 || ^19.0.0-rc.1"
      }
    },
    "node_modules/@react-stately/collections": {
      "version": "3.12.2",
      "resolved": "https://registry.npmjs.org/@react-stately/collections/-/collections-3.12.2.tgz",
      "integrity": "sha512-RoehfGwrsYJ/WGtyGSLZNYysszajnq0Q3iTXg7plfW1vNEzom/A31vrLjOSOHJWAtwW339SDGGRpymDtLo4GWA==",
      "license": "Apache-2.0",
      "dependencies": {
        "@react-types/shared": "^3.28.0",
        "@swc/helpers": "^0.5.0"
      },
      "peerDependencies": {
        "react": "^16.8.0 || ^17.0.0-rc.1 || ^18.0.0 || ^19.0.0-rc.1"
      }
    },
    "node_modules/@react-stately/flags": {
      "version": "3.1.0",
      "resolved": "https://registry.npmjs.org/@react-stately/flags/-/flags-3.1.0.tgz",
      "integrity": "sha512-KSHOCxTFpBtxhIRcKwsD1YDTaNxFtCYuAUb0KEihc16QwqZViq4hasgPBs2gYm7fHRbw7WYzWKf6ZSo/+YsFlg==",
      "license": "Apache-2.0",
      "dependencies": {
        "@swc/helpers": "^0.5.0"
      }
    },
    "node_modules/@react-stately/list": {
      "version": "3.12.0",
      "resolved": "https://registry.npmjs.org/@react-stately/list/-/list-3.12.0.tgz",
      "integrity": "sha512-6niQWJ6TZwOKLAOn2wIsxtOvWenh3rKiKdOh4L4O4f7U+h1Hu000Mu4lyIQm2P9uZAkF2Y5QNh6dHN+hSd6h3A==",
      "license": "Apache-2.0",
      "dependencies": {
        "@react-stately/collections": "^3.12.2",
        "@react-stately/selection": "^3.20.0",
        "@react-stately/utils": "^3.10.5",
        "@react-types/shared": "^3.28.0",
        "@swc/helpers": "^0.5.0"
      },
      "peerDependencies": {
        "react": "^16.8.0 || ^17.0.0-rc.1 || ^18.0.0 || ^19.0.0-rc.1"
      }
    },
    "node_modules/@react-stately/overlays": {
      "version": "3.6.14",
      "resolved": "https://registry.npmjs.org/@react-stately/overlays/-/overlays-3.6.14.tgz",
      "integrity": "sha512-RRalTuHdwrKO1BmXKaqBtE1GGUXU4VUAWwgh4lsP2EFSixDHmOVLxHFDWYvOPChBhpi8KXfLEgm6DEgPBvLBZQ==",
      "license": "Apache-2.0",
      "dependencies": {
        "@react-stately/utils": "^3.10.5",
        "@react-types/overlays": "^3.8.13",
        "@swc/helpers": "^0.5.0"
      },
      "peerDependencies": {
        "react": "^16.8.0 || ^17.0.0-rc.1 || ^18.0.0 || ^19.0.0-rc.1"
      }
    },
    "node_modules/@react-stately/selection": {
      "version": "3.20.0",
      "resolved": "https://registry.npmjs.org/@react-stately/selection/-/selection-3.20.0.tgz",
      "integrity": "sha512-woUSHMTyQiNmCf63Dyot1WXFfWnm6PFYkI9kymcq1qrrly4g/j27U+5PaRWOHawMiJwn1e1GTogk8B+K5ahshQ==",
      "license": "Apache-2.0",
      "dependencies": {
        "@react-stately/collections": "^3.12.2",
        "@react-stately/utils": "^3.10.5",
        "@react-types/shared": "^3.28.0",
        "@swc/helpers": "^0.5.0"
      },
      "peerDependencies": {
        "react": "^16.8.0 || ^17.0.0-rc.1 || ^18.0.0 || ^19.0.0-rc.1"
      }
    },
    "node_modules/@react-stately/tabs": {
      "version": "3.8.0",
      "resolved": "https://registry.npmjs.org/@react-stately/tabs/-/tabs-3.8.0.tgz",
      "integrity": "sha512-I8ctOsUKPviJ82xWAcZMvWqz5/VZurkE+W9n9wrFbCgHAGK/37bx+PM1uU/Lk4yKp8WrPYSFOEPil5liD+M+ew==",
      "license": "Apache-2.0",
      "dependencies": {
        "@react-stately/list": "^3.12.0",
        "@react-types/shared": "^3.28.0",
        "@react-types/tabs": "^3.3.13",
        "@swc/helpers": "^0.5.0"
      },
      "peerDependencies": {
        "react": "^16.8.0 || ^17.0.0-rc.1 || ^18.0.0 || ^19.0.0-rc.1"
      }
    },
    "node_modules/@react-stately/utils": {
      "version": "3.10.5",
      "resolved": "https://registry.npmjs.org/@react-stately/utils/-/utils-3.10.5.tgz",
      "integrity": "sha512-iMQSGcpaecghDIh3mZEpZfoFH3ExBwTtuBEcvZ2XnGzCgQjeYXcMdIUwAfVQLXFTdHUHGF6Gu6/dFrYsCzySBQ==",
      "license": "Apache-2.0",
      "dependencies": {
        "@swc/helpers": "^0.5.0"
      },
      "peerDependencies": {
        "react": "^16.8.0 || ^17.0.0-rc.1 || ^18.0.0 || ^19.0.0-rc.1"
      }
    },
    "node_modules/@react-types/button": {
      "version": "3.11.0",
      "resolved": "https://registry.npmjs.org/@react-types/button/-/button-3.11.0.tgz",
      "integrity": "sha512-gJh5i0JiBiZGZGDo+tXMp6xbixPM7IKZ0sDuxTYBG49qNzzWJq0uNYltO3emwSVXFSsBgRV/Wu8kQGhfuN7wIw==",
      "license": "Apache-2.0",
      "dependencies": {
        "@react-types/shared": "^3.28.0"
      },
      "peerDependencies": {
        "react": "^16.8.0 || ^17.0.0-rc.1 || ^18.0.0 || ^19.0.0-rc.1"
      }
    },
    "node_modules/@react-types/calendar": {
      "version": "3.6.1",
      "resolved": "https://registry.npmjs.org/@react-types/calendar/-/calendar-3.6.1.tgz",
      "integrity": "sha512-EMbFJX/3gD5j+R0qZEGqK+wlhBxMSHhGP8GqP9XGbpuJPE3w9/M/PVWdh8FUdzf9srYxPOq5NgiGI1JUJvdZqw==",
      "license": "Apache-2.0",
      "dependencies": {
        "@internationalized/date": "^3.7.0",
        "@react-types/shared": "^3.28.0"
      },
      "peerDependencies": {
        "react": "^16.8.0 || ^17.0.0-rc.1 || ^18.0.0 || ^19.0.0-rc.1"
      }
    },
    "node_modules/@react-types/datepicker": {
      "version": "3.11.0",
      "resolved": "https://registry.npmjs.org/@react-types/datepicker/-/datepicker-3.11.0.tgz",
      "integrity": "sha512-GAYgPzqKvd1lR2sLYYMlUkNg2+QoM2uVUmpeQLP1SbYpDr1y8lG5cR54em1G4X/qY4+nCWGiwhRC2veP0D0kfA==",
      "license": "Apache-2.0",
      "dependencies": {
        "@internationalized/date": "^3.7.0",
        "@react-types/calendar": "^3.6.1",
        "@react-types/overlays": "^3.8.13",
        "@react-types/shared": "^3.28.0"
      },
      "peerDependencies": {
        "react": "^16.8.0 || ^17.0.0-rc.1 || ^18.0.0 || ^19.0.0-rc.1"
      }
    },
    "node_modules/@react-types/overlays": {
      "version": "3.8.13",
      "resolved": "https://registry.npmjs.org/@react-types/overlays/-/overlays-3.8.13.tgz",
      "integrity": "sha512-xgT843KIh1otvYPQ6kCGTVUICiMF5UQ7SZUQZd4Zk3VtiFIunFVUvTvL03cpt0026UmY7tbv7vFrPKcT6xjsjw==",
      "license": "Apache-2.0",
      "dependencies": {
        "@react-types/shared": "^3.28.0"
      },
      "peerDependencies": {
        "react": "^16.8.0 || ^17.0.0-rc.1 || ^18.0.0 || ^19.0.0-rc.1"
      }
    },
    "node_modules/@react-types/shared": {
      "version": "3.28.0",
      "resolved": "https://registry.npmjs.org/@react-types/shared/-/shared-3.28.0.tgz",
      "integrity": "sha512-9oMEYIDc3sk0G5rysnYvdNrkSg7B04yTKl50HHSZVbokeHpnU0yRmsDaWb9B/5RprcKj8XszEk5guBO8Sa/Q+Q==",
      "license": "Apache-2.0",
      "peerDependencies": {
        "react": "^16.8.0 || ^17.0.0-rc.1 || ^18.0.0 || ^19.0.0-rc.1"
      }
    },
    "node_modules/@react-types/tabs": {
      "version": "3.3.13",
      "resolved": "https://registry.npmjs.org/@react-types/tabs/-/tabs-3.3.13.tgz",
      "integrity": "sha512-jqaK2U+WKChAmYBMO8QxQlFaIM8zDRY9+ignA1HwIyRw7vli4Mycc4RcMxTPm8krvgo+zuVrped9QB+hsDjCsQ==",
      "license": "Apache-2.0",
      "dependencies": {
        "@react-types/shared": "^3.28.0"
      },
      "peerDependencies": {
        "react": "^16.8.0 || ^17.0.0-rc.1 || ^18.0.0 || ^19.0.0-rc.1"
      }
    },
    "node_modules/@swc/helpers": {
      "version": "0.5.15",
      "resolved": "https://registry.npmjs.org/@swc/helpers/-/helpers-0.5.15.tgz",
      "integrity": "sha512-JQ5TuMi45Owi4/BIMAJBoSQoOJu12oOk/gADqlcUL9JEdHB8vyjUSsxqeNXnmXHjYKMi2WcYtezGEEhqUI/E2g==",
      "license": "Apache-2.0",
      "dependencies": {
        "tslib": "^2.8.0"
      }
    },
    "node_modules/@tanstack/react-virtual": {
      "version": "3.13.6",
      "resolved": "https://registry.npmjs.org/@tanstack/react-virtual/-/react-virtual-3.13.6.tgz",
      "integrity": "sha512-WT7nWs8ximoQ0CDx/ngoFP7HbQF9Q2wQe4nh2NB+u2486eX3nZRE40P9g6ccCVq7ZfTSH5gFOuCoVH5DLNS/aA==",
      "license": "MIT",
      "dependencies": {
        "@tanstack/virtual-core": "3.13.6"
      },
      "funding": {
        "type": "github",
        "url": "https://github.com/sponsors/tannerlinsley"
      },
      "peerDependencies": {
        "react": "^16.8.0 || ^17.0.0 || ^18.0.0 || ^19.0.0",
        "react-dom": "^16.8.0 || ^17.0.0 || ^18.0.0 || ^19.0.0"
      }
    },
    "node_modules/@tanstack/virtual-core": {
      "version": "3.13.6",
      "resolved": "https://registry.npmjs.org/@tanstack/virtual-core/-/virtual-core-3.13.6.tgz",
      "integrity": "sha512-cnQUeWnhNP8tJ4WsGcYiX24Gjkc9ALstLbHcBj1t3E7EimN6n6kHH+DPV4PpDnuw00NApQp+ViojMj1GRdwYQg==",
      "license": "MIT",
      "funding": {
        "type": "github",
        "url": "https://github.com/sponsors/tannerlinsley"
      }
    },
    "node_modules/clsx": {
      "version": "2.1.1",
      "resolved": "https://registry.npmjs.org/clsx/-/clsx-2.1.1.tgz",
      "integrity": "sha512-eYm0QWBtUrBWZWG0d386OGAw16Z995PiOVo2B7bjWSbHedGl5e0ZWaq65kOGgUSNesEIDkB9ISbTg/JK9dhCZA==",
      "license": "MIT",
      "engines": {
        "node": ">=6"
      }
    },
    "node_modules/color": {
      "version": "4.2.3",
      "resolved": "https://registry.npmjs.org/color/-/color-4.2.3.tgz",
      "integrity": "sha512-1rXeuUUiGGrykh+CeBdu5Ie7OJwinCgQY0bc7GCRxy5xVHy+moaqkpL/jqQq0MtQOeYcrqEz4abc5f0KtU7W4A==",
      "license": "MIT",
      "dependencies": {
        "color-convert": "^2.0.1",
        "color-string": "^1.9.0"
      },
      "engines": {
        "node": ">=12.5.0"
      }
    },
    "node_modules/color-convert": {
      "version": "2.0.1",
      "resolved": "https://registry.npmjs.org/color-convert/-/color-convert-2.0.1.tgz",
      "integrity": "sha512-RRECPsj7iu/xb5oKYcsFHSppFNnsj/52OVTRKb4zP5onXwVF3zVmmToNcOfGC+CRDpfK/U584fMg38ZHCaElKQ==",
      "license": "MIT",
      "dependencies": {
        "color-name": "~1.1.4"
      },
      "engines": {
        "node": ">=7.0.0"
      }
    },
    "node_modules/color-name": {
      "version": "1.1.4",
      "resolved": "https://registry.npmjs.org/color-name/-/color-name-1.1.4.tgz",
      "integrity": "sha512-dOy+3AuW3a2wNbZHIuMZpTcgjGuLU/uBL/ubcZF9OXbDo8ff4O8yVp5Bf0efS8uEoYo5q4Fx7dY9OgQGXgAsQA==",
      "license": "MIT"
    },
    "node_modules/color-string": {
      "version": "1.9.1",
      "resolved": "https://registry.npmjs.org/color-string/-/color-string-1.9.1.tgz",
      "integrity": "sha512-shrVawQFojnZv6xM40anx4CkoDP+fZsw/ZerEMsW/pyzsRbElpsL/DBVW7q3ExxwusdNXI3lXpuhEZkzs8p5Eg==",
      "license": "MIT",
      "dependencies": {
        "color-name": "^1.0.0",
        "simple-swizzle": "^0.2.2"
      }
    },
    "node_modules/color2k": {
      "version": "2.0.3",
      "resolved": "https://registry.npmjs.org/color2k/-/color2k-2.0.3.tgz",
      "integrity": "sha512-zW190nQTIoXcGCaU08DvVNFTmQhUpnJfVuAKfWqUQkflXKpaDdpaYoM0iluLS9lgJNHyBF58KKA2FBEwkD7wog==",
      "license": "MIT"
    },
    "node_modules/compute-scroll-into-view": {
      "version": "3.1.1",
      "resolved": "https://registry.npmjs.org/compute-scroll-into-view/-/compute-scroll-into-view-3.1.1.tgz",
      "integrity": "sha512-VRhuHOLoKYOy4UbilLbUzbYg93XLjv2PncJC50EuTWPA3gaja1UjBsUP/D/9/juV3vQFr6XBEzn9KCAHdUvOHw==",
      "license": "MIT"
    },
    "node_modules/decimal.js": {
      "version": "10.5.0",
      "resolved": "https://registry.npmjs.org/decimal.js/-/decimal.js-10.5.0.tgz",
      "integrity": "sha512-8vDa8Qxvr/+d94hSh5P3IJwI5t8/c0KsMp+g8bNw9cY2icONa5aPfvKeieW1WlG0WQYwwhJ7mjui2xtiePQSXw==",
      "license": "MIT"
    },
    "node_modules/deepmerge": {
      "version": "4.3.1",
      "resolved": "https://registry.npmjs.org/deepmerge/-/deepmerge-4.3.1.tgz",
      "integrity": "sha512-3sUqbMEc77XqpdNO7FRyRog+eW3ph+GYCbj+rK+uYyRMuwsVy0rMiVtPn+QJlKFvWP/1PYpapqYn0Me2knFn+A==",
      "license": "MIT",
      "engines": {
        "node": ">=0.10.0"
      }
    },
    "node_modules/flat": {
      "version": "5.0.2",
      "resolved": "https://registry.npmjs.org/flat/-/flat-5.0.2.tgz",
      "integrity": "sha512-b6suED+5/3rTpUBdG1gupIl8MPFCAMA0QXwmljLhvCUKcUvdE4gWky9zpuGCcXHOsz4J9wPGNWq6OKpmIzz3hQ==",
      "license": "BSD-3-Clause",
      "bin": {
        "flat": "cli.js"
      }
    },
    "node_modules/framer-motion": {
      "version": "12.6.3",
      "resolved": "https://registry.npmjs.org/framer-motion/-/framer-motion-12.6.3.tgz",
      "integrity": "sha512-2hsqknz23aloK85bzMc9nSR2/JP+fValQ459ZTVElFQ0xgwR2YqNjYSuDZdFBPOwVCt4Q9jgyTt6hg6sVOALzw==",
      "license": "MIT",
      "dependencies": {
        "motion-dom": "^12.6.3",
        "motion-utils": "^12.6.3",
        "tslib": "^2.4.0"
      },
      "peerDependencies": {
        "@emotion/is-prop-valid": "*",
        "react": "^18.0.0 || ^19.0.0",
        "react-dom": "^18.0.0 || ^19.0.0"
      },
      "peerDependenciesMeta": {
        "@emotion/is-prop-valid": {
          "optional": true
        },
        "react": {
          "optional": true
        },
        "react-dom": {
          "optional": true
        }
      }
    },
    "node_modules/intl-messageformat": {
      "version": "10.7.16",
      "resolved": "https://registry.npmjs.org/intl-messageformat/-/intl-messageformat-10.7.16.tgz",
      "integrity": "sha512-UmdmHUmp5CIKKjSoE10la5yfU+AYJAaiYLsodbjL4lji83JNvgOQUjGaGhGrpFCb0Uh7sl7qfP1IyILa8Z40ug==",
      "license": "BSD-3-Clause",
      "dependencies": {
        "@formatjs/ecma402-abstract": "2.3.4",
        "@formatjs/fast-memoize": "2.2.7",
        "@formatjs/icu-messageformat-parser": "2.11.2",
        "tslib": "^2.8.0"
      }
    },
    "node_modules/is-arrayish": {
      "version": "0.3.2",
      "resolved": "https://registry.npmjs.org/is-arrayish/-/is-arrayish-0.3.2.tgz",
      "integrity": "sha512-eVRqCvVlZbuw3GrM63ovNSNAeA1K16kaR/LRY/92w0zxQ5/1YzwblUX652i4Xs9RwAGjW9d9y6X88t8OaAJfWQ==",
      "license": "MIT"
    },
    "node_modules/motion-dom": {
      "version": "12.6.3",
      "resolved": "https://registry.npmjs.org/motion-dom/-/motion-dom-12.6.3.tgz",
      "integrity": "sha512-gRY08RjcnzgFYLemUZ1lo/e9RkBxR+6d4BRvoeZDSeArG4XQXERSPapKl3LNQRu22Sndjf1h+iavgY0O4NrYqA==",
      "license": "MIT",
      "dependencies": {
        "motion-utils": "^12.6.3"
      }
    },
    "node_modules/motion-utils": {
      "version": "12.6.3",
      "resolved": "https://registry.npmjs.org/motion-utils/-/motion-utils-12.6.3.tgz",
      "integrity": "sha512-R/b3Ia2VxtTNZ4LTEO5pKYau1OUNHOuUfxuP0WFCTDYdHkeTBR9UtxR1cc8mDmKr8PEhmmfnTKGz3rSMjNRoRg==",
      "license": "MIT"
    },
    "node_modules/react": {
      "version": "19.1.0",
      "resolved": "https://registry.npmjs.org/react/-/react-19.1.0.tgz",
      "integrity": "sha512-FS+XFBNvn3GTAWq26joslQgWNoFu08F4kl0J4CgdNKADkdSGXQyTCnKteIAJy96Br6YbpEU1LSzV5dYtjMkMDg==",
      "license": "MIT",
      "peer": true,
      "engines": {
        "node": ">=0.10.0"
      }
    },
    "node_modules/react-dom": {
      "version": "19.1.0",
      "resolved": "https://registry.npmjs.org/react-dom/-/react-dom-19.1.0.tgz",
      "integrity": "sha512-Xs1hdnE+DyKgeHJeJznQmYMIBG3TKIHJJT95Q58nHLSrElKlGQqDTR2HQ9fx5CN/Gk6Vh/kupBTDLU11/nDk/g==",
      "license": "MIT",
      "peer": true,
      "dependencies": {
        "scheduler": "^0.26.0"
      },
      "peerDependencies": {
        "react": "^19.1.0"
      }
    },
    "node_modules/scheduler": {
      "version": "0.26.0",
      "resolved": "https://registry.npmjs.org/scheduler/-/scheduler-0.26.0.tgz",
      "integrity": "sha512-NlHwttCI/l5gCPR3D1nNXtWABUmBwvZpEQiD4IXSbIDq8BzLIK/7Ir5gTFSGZDUu37K5cMNp0hFtzO38sC7gWA==",
      "license": "MIT",
      "peer": true
    },
    "node_modules/scroll-into-view-if-needed": {
      "version": "3.0.10",
      "resolved": "https://registry.npmjs.org/scroll-into-view-if-needed/-/scroll-into-view-if-needed-3.0.10.tgz",
      "integrity": "sha512-t44QCeDKAPf1mtQH3fYpWz8IM/DyvHLjs8wUvvwMYxk5moOqCzrMSxK6HQVD0QVmVjXFavoFIPRVrMuJPKAvtg==",
      "license": "MIT",
      "dependencies": {
        "compute-scroll-into-view": "^3.0.2"
      }
    },
    "node_modules/simple-swizzle": {
      "version": "0.2.2",
      "resolved": "https://registry.npmjs.org/simple-swizzle/-/simple-swizzle-0.2.2.tgz",
      "integrity": "sha512-JA//kQgZtbuY83m+xT+tXJkmJncGMTFT+C+g2h2R9uxkYIrE2yy9sgmcLhCnw57/WSD+Eh3J97FPEDFnbXnDUg==",
      "license": "MIT",
      "dependencies": {
        "is-arrayish": "^0.3.1"
      }
    },
    "node_modules/tabbable": {
      "version": "6.2.0",
      "resolved": "https://registry.npmjs.org/tabbable/-/tabbable-6.2.0.tgz",
      "integrity": "sha512-Cat63mxsVJlzYvN51JmVXIgNoUokrIaT2zLclCXjRd8boZ0004U4KCs/sToJ75C6sdlByWxpYnb5Boif1VSFew==",
      "license": "MIT"
    },
    "node_modules/tailwind-merge": {
      "version": "2.5.4",
      "resolved": "https://registry.npmjs.org/tailwind-merge/-/tailwind-merge-2.5.4.tgz",
      "integrity": "sha512-0q8cfZHMu9nuYP/b5Shb7Y7Sh1B7Nnl5GqNr1U+n2p6+mybvRtayrQ+0042Z5byvTA8ihjlP8Odo8/VnHbZu4Q==",
      "license": "MIT",
      "funding": {
        "type": "github",
        "url": "https://github.com/sponsors/dcastil"
      }
    },
    "node_modules/tailwind-variants": {
      "version": "0.3.0",
      "resolved": "https://registry.npmjs.org/tailwind-variants/-/tailwind-variants-0.3.0.tgz",
      "integrity": "sha512-ho2k5kn+LB1fT5XdNS3Clb96zieWxbStE9wNLK7D0AV64kdZMaYzAKo0fWl6fXLPY99ffF9oBJnIj5escEl/8A==",
      "license": "MIT",
      "dependencies": {
        "tailwind-merge": "^2.5.4"
      },
      "engines": {
        "node": ">=16.x",
        "pnpm": ">=7.x"
      },
      "peerDependencies": {
        "tailwindcss": "*"
      }
    },
    "node_modules/tailwindcss": {
      "version": "4.1.3",
      "resolved": "https://registry.npmjs.org/tailwindcss/-/tailwindcss-4.1.3.tgz",
      "integrity": "sha512-2Q+rw9vy1WFXu5cIxlvsabCwhU2qUwodGq03ODhLJ0jW4ek5BUtoCsnLB0qG+m8AHgEsSJcJGDSDe06FXlP74g==",
      "license": "MIT"
    },
    "node_modules/tslib": {
      "version": "2.8.1",
      "resolved": "https://registry.npmjs.org/tslib/-/tslib-2.8.1.tgz",
      "integrity": "sha512-oJFu94HQb+KVduSUQL7wnpmqnfmLsOA/nAh6b6EH0wCEoK0/mPeXU6c3wKDV83MkOuHPRHtSXKKU99IBazS/2w==",
      "license": "0BSD"
    }
  }
}
